
Microsoft Visual Studio Solution File, Format Version 12.00
# Visual Studio Version 16
VisualStudioVersion = 16.0.29613.14
MinimumVisualStudioVersion = 10.0.40219.1
Project("{2150E333-8FDC-42A3-9474-1A3956D46DE8}") = "src", "src", "{FAF1398B-2EC4-4BFF-864F-A29D678A42F0}"
EndProject
Project("{FAE04EC0-301F-11D3-BF4B-00C04F79EFBC}") = "ReverseString", "src\ReverseString\ReverseString.csproj", "{C5B5083E-D85E-4922-8ACE-DF97DFA9E1C1}"
EndProject
Project("{FAE04EC0-301F-11D3-BF4B-00C04F79EFBC}") = "Date", "src\Date\Date.csproj", "{7FDB74BE-AA87-4FA5-8502-73F13A64B6D5}"
EndProject
Project("{FAE04EC0-301F-11D3-BF4B-00C04F79EFBC}") = "SwapAndMultiply", "src\SwapAndMultiply\SwapAndMultiply.csproj", "{10992B54-93C5-4AAE-9B28-E20AC44D8091}"
EndProject
Project("{FAE04EC0-301F-11D3-BF4B-00C04F79EFBC}") = "Palindrome", "src\Palindrome\Palindrome.csproj", "{5723B306-543E-4CA7-8116-E9235897E0E1}"
EndProject
Global
	GlobalSection(SolutionConfigurationPlatforms) = preSolution
		Debug|Any CPU = Debug|Any CPU
		Release|Any CPU = Release|Any CPU
	EndGlobalSection
	GlobalSection(ProjectConfigurationPlatforms) = postSolution
		{C5B5083E-D85E-4922-8ACE-DF97DFA9E1C1}.Debug|Any CPU.ActiveCfg = Debug|Any CPU
		{C5B5083E-D85E-4922-8ACE-DF97DFA9E1C1}.Debug|Any CPU.Build.0 = Debug|Any CPU
		{C5B5083E-D85E-4922-8ACE-DF97DFA9E1C1}.Release|Any CPU.ActiveCfg = Release|Any CPU
		{C5B5083E-D85E-4922-8ACE-DF97DFA9E1C1}.Release|Any CPU.Build.0 = Release|Any CPU
		{7FDB74BE-AA87-4FA5-8502-73F13A64B6D5}.Debug|Any CPU.ActiveCfg = Debug|Any CPU
		{7FDB74BE-AA87-4FA5-8502-73F13A64B6D5}.Debug|Any CPU.Build.0 = Debug|Any CPU
		{7FDB74BE-AA87-4FA5-8502-73F13A64B6D5}.Release|Any CPU.ActiveCfg = Release|Any CPU
		{7FDB74BE-AA87-4FA5-8502-73F13A64B6D5}.Release|Any CPU.Build.0 = Release|Any CPU
		{10992B54-93C5-4AAE-9B28-E20AC44D8091}.Debug|Any CPU.ActiveCfg = Debug|Any CPU
		{10992B54-93C5-4AAE-9B28-E20AC44D8091}.Debug|Any CPU.Build.0 = Debug|Any CPU
		{10992B54-93C5-4AAE-9B28-E20AC44D8091}.Release|Any CPU.ActiveCfg = Release|Any CPU
		{10992B54-93C5-4AAE-9B28-E20AC44D8091}.Release|Any CPU.Build.0 = Release|Any CPU
		{5723B306-543E-4CA7-8116-E9235897E0E1}.Debug|Any CPU.ActiveCfg = Debug|Any CPU
		{5723B306-543E-4CA7-8116-E9235897E0E1}.Debug|Any CPU.Build.0 = Debug|Any CPU
		{5723B306-543E-4CA7-8116-E9235897E0E1}.Release|Any CPU.ActiveCfg = Release|Any CPU
		{5723B306-543E-4CA7-8116-E9235897E0E1}.Release|Any CPU.Build.0 = Release|Any CPU
	EndGlobalSection
	GlobalSection(SolutionProperties) = preSolution
		HideSolutionNode = FALSE
	EndGlobalSection
	GlobalSection(NestedProjects) = preSolution
		{C5B5083E-D85E-4922-8ACE-DF97DFA9E1C1} = {FAF1398B-2EC4-4BFF-864F-A29D678A42F0}
		{7FDB74BE-AA87-4FA5-8502-73F13A64B6D5} = {FAF1398B-2EC4-4BFF-864F-A29D678A42F0}
		{10992B54-93C5-4AAE-9B28-E20AC44D8091} = {FAF1398B-2EC4-4BFF-864F-A29D678A42F0}
		{5723B306-543E-4CA7-8116-E9235897E0E1} = {FAF1398B-2EC4-4BFF-864F-A29D678A42F0}
	EndGlobalSection
	GlobalSection(ExtensibilityGlobals) = postSolution
		SolutionGuid = {99DF7AA5-2215-464A-8B36-173B49DB3C34}
	EndGlobalSection
EndGlobal
